
Microsoft Visual Studio Solution File, Format Version 12.00
# Visual Studio Version 16
VisualStudioVersion = 16.0.31515.178
MinimumVisualStudioVersion = 10.0.40219.1
Project("{FAE04EC0-301F-11D3-BF4B-00C04F79EFBC}") = "SendMail", "SendMail\SendMail.csproj", "{5A3513DC-7683-4840-996F-F0D524822611}"
EndProject
Global
	GlobalSection(SolutionConfigurationPlatforms) = preSolution
		Debug|Any CPU = Debug|Any CPU
		Release|Any CPU = Release|Any CPU
	EndGlobalSection
	GlobalSection(ProjectConfigurationPlatforms) = postSolution
		{5A3513DC-7683-4840-996F-F0D524822611}.Debug|Any CPU.ActiveCfg = Debug|Any CPU
		{5A3513DC-7683-4840-996F-F0D524822611}.Debug|Any CPU.Build.0 = Debug|Any CPU
		{5A3513DC-7683-4840-996F-F0D524822611}.Release|Any CPU.ActiveCfg = Release|Any CPU
		{5A3513DC-7683-4840-996F-F0D524822611}.Release|Any CPU.Build.0 = Release|Any CPU
	EndGlobalSection
	GlobalSection(SolutionProperties) = preSolution
		HideSolutionNode = FALSE
	EndGlobalSection
	GlobalSection(ExtensibilityGlobals) = postSolution
		SolutionGuid = {B262A288-F473-4051-8B92-A75D1A4FC7E7}
	EndGlobalSection
EndGlobal
